
Microsoft Visual Studio Solution File, Format Version 12.00
# Visual Studio Version 17
VisualStudioVersion = 17.2.32602.215
MinimumVisualStudioVersion = 10.0.40219.1
Project("{FAE04EC0-301F-11D3-BF4B-00C04F79EFBC}") = "AdoTestStuff", "AdoTestStuff\AdoTestStuff.csproj", "{03623B50-F7D9-4F20-9D95-7E5E6C03EE94}"
EndProject
Global
	GlobalSection(SolutionConfigurationPlatforms) = preSolution
		Debug|Any CPU = Debug|Any CPU
		Release|Any CPU = Release|Any CPU
	EndGlobalSection
	GlobalSection(ProjectConfigurationPlatforms) = postSolution
		{03623B50-F7D9-4F20-9D95-7E5E6C03EE94}.Debug|Any CPU.ActiveCfg = Debug|Any CPU
		{03623B50-F7D9-4F20-9D95-7E5E6C03EE94}.Debug|Any CPU.Build.0 = Debug|Any CPU
		{03623B50-F7D9-4F20-9D95-7E5E6C03EE94}.Release|Any CPU.ActiveCfg = Release|Any CPU
		{03623B50-F7D9-4F20-9D95-7E5E6C03EE94}.Release|Any CPU.Build.0 = Release|Any CPU
	EndGlobalSection
	GlobalSection(SolutionProperties) = preSolution
		HideSolutionNode = FALSE
	EndGlobalSection
	GlobalSection(ExtensibilityGlobals) = postSolution
		SolutionGuid = {07C140DC-B123-43A5-B7AF-E551ED1CF3DF}
	EndGlobalSection
EndGlobal
